
Microsoft Visual Studio Solution File, Format Version 9.00
# Visual Studio 2005
Project("{8BC9CEB8-8B4A-11D0-8D11-00A0C91BC942}") = "inlineasm", "inlineasm\inlineasm.vcproj", "{90C70462-0D05-431F-A599-DD333EEA4888}"
EndProject
Project("{8BC9CEB8-8B4A-11D0-8D11-00A0C91BC942}") = "asmapp", "asmapp\asmapp.vcproj", "{8E53B8B2-DA6E-43B2-925A-9EC4B9BC99CA}"
EndProject
Project("{8BC9CEB8-8B4A-11D0-8D11-00A0C91BC942}") = "asmcall", "asmcall\asmcall.vcproj", "{9AD4A676-F6A1-4342-97D4-F936F346EFCC}"
EndProject
Project("{8BC9CEB8-8B4A-11D0-8D11-00A0C91BC942}") = "remotecall", "remotecall\remotecall.vcproj", "{5538A434-15F9-4C78-A479-E4ECCABEF94F}"
EndProject
Project("{8BC9CEB8-8B4A-11D0-8D11-00A0C91BC942}") = "mygame", "MyGame\mygame.vcproj", "{E4EB0FC5-88DA-45D6-A126-6A6280CE12C5}"
EndProject
Project("{8BC9CEB8-8B4A-11D0-8D11-00A0C91BC942}") = "myaddmethod", "myaddmethod\myaddmethod.vcproj", "{5B45615B-AF80-46B2-A50A-09763FD17AAA}"
EndProject
Project("{8BC9CEB8-8B4A-11D0-8D11-00A0C91BC942}") = "myaddmethodtest", "myaddmethodtest\myaddmethodtest.vcproj", "{CF2E40D1-545E-4E57-80A1-200BF82DD807}"
	ProjectSection(ProjectDependencies) = postProject
		{5B45615B-AF80-46B2-A50A-09763FD17AAA} = {5B45615B-AF80-46B2-A50A-09763FD17AAA}
	EndProjectSection
EndProject
Global
	GlobalSection(SolutionConfigurationPlatforms) = preSolution
		Debug|Win32 = Debug|Win32
		Release|Win32 = Release|Win32
	EndGlobalSection
	GlobalSection(ProjectConfigurationPlatforms) = postSolution
		{90C70462-0D05-431F-A599-DD333EEA4888}.Debug|Win32.ActiveCfg = Debug|Win32
		{90C70462-0D05-431F-A599-DD333EEA4888}.Debug|Win32.Build.0 = Debug|Win32
		{90C70462-0D05-431F-A599-DD333EEA4888}.Release|Win32.ActiveCfg = Release|Win32
		{90C70462-0D05-431F-A599-DD333EEA4888}.Release|Win32.Build.0 = Release|Win32
		{8E53B8B2-DA6E-43B2-925A-9EC4B9BC99CA}.Debug|Win32.ActiveCfg = Debug|Win32
		{8E53B8B2-DA6E-43B2-925A-9EC4B9BC99CA}.Debug|Win32.Build.0 = Debug|Win32
		{8E53B8B2-DA6E-43B2-925A-9EC4B9BC99CA}.Release|Win32.ActiveCfg = Release|Win32
		{8E53B8B2-DA6E-43B2-925A-9EC4B9BC99CA}.Release|Win32.Build.0 = Release|Win32
		{9AD4A676-F6A1-4342-97D4-F936F346EFCC}.Debug|Win32.ActiveCfg = Debug|Win32
		{9AD4A676-F6A1-4342-97D4-F936F346EFCC}.Debug|Win32.Build.0 = Debug|Win32
		{9AD4A676-F6A1-4342-97D4-F936F346EFCC}.Release|Win32.ActiveCfg = Release|Win32
		{9AD4A676-F6A1-4342-97D4-F936F346EFCC}.Release|Win32.Build.0 = Release|Win32
		{5538A434-15F9-4C78-A479-E4ECCABEF94F}.Debug|Win32.ActiveCfg = Debug|Win32
		{5538A434-15F9-4C78-A479-E4ECCABEF94F}.Debug|Win32.Build.0 = Debug|Win32
		{5538A434-15F9-4C78-A479-E4ECCABEF94F}.Release|Win32.ActiveCfg = Release|Win32
		{5538A434-15F9-4C78-A479-E4ECCABEF94F}.Release|Win32.Build.0 = Release|Win32
		{E4EB0FC5-88DA-45D6-A126-6A6280CE12C5}.Debug|Win32.ActiveCfg = Debug|Win32
		{E4EB0FC5-88DA-45D6-A126-6A6280CE12C5}.Debug|Win32.Build.0 = Debug|Win32
		{E4EB0FC5-88DA-45D6-A126-6A6280CE12C5}.Release|Win32.ActiveCfg = Release|Win32
		{E4EB0FC5-88DA-45D6-A126-6A6280CE12C5}.Release|Win32.Build.0 = Release|Win32
		{5B45615B-AF80-46B2-A50A-09763FD17AAA}.Debug|Win32.ActiveCfg = Debug|Win32
		{5B45615B-AF80-46B2-A50A-09763FD17AAA}.Debug|Win32.Build.0 = Debug|Win32
		{5B45615B-AF80-46B2-A50A-09763FD17AAA}.Release|Win32.ActiveCfg = Release|Win32
		{5B45615B-AF80-46B2-A50A-09763FD17AAA}.Release|Win32.Build.0 = Release|Win32
		{CF2E40D1-545E-4E57-80A1-200BF82DD807}.Debug|Win32.ActiveCfg = Debug|Win32
		{CF2E40D1-545E-4E57-80A1-200BF82DD807}.Debug|Win32.Build.0 = Debug|Win32
		{CF2E40D1-545E-4E57-80A1-200BF82DD807}.Release|Win32.ActiveCfg = Release|Win32
		{CF2E40D1-545E-4E57-80A1-200BF82DD807}.Release|Win32.Build.0 = Release|Win32
	EndGlobalSection
	GlobalSection(SolutionProperties) = preSolution
		HideSolutionNode = FALSE
	EndGlobalSection
EndGlobal
